
Microsoft Visual Studio Solution File, Format Version 12.00
# Visual Studio Version 17
VisualStudioVersion = 17.2.32516.85
MinimumVisualStudioVersion = 10.0.40219.1
Project("{8BC9CEB8-8B4A-11D0-8D11-00A0C91BC942}") = "Final", "Final.vcxproj", "{A64802B8-32A8-4BAA-9EBA-0AC85636E9D1}"
EndProject
Global
	GlobalSection(SolutionConfigurationPlatforms) = preSolution
		Debug|x64 = Debug|x64
		Debug|x86 = Debug|x86
		Release|x64 = Release|x64
		Release|x86 = Release|x86
	EndGlobalSection
	GlobalSection(ProjectConfigurationPlatforms) = postSolution
		{A64802B8-32A8-4BAA-9EBA-0AC85636E9D1}.Debug|x64.ActiveCfg = Debug|x64
		{A64802B8-32A8-4BAA-9EBA-0AC85636E9D1}.Debug|x64.Build.0 = Debug|x64
		{A64802B8-32A8-4BAA-9EBA-0AC85636E9D1}.Debug|x86.ActiveCfg = Debug|Win32
		{A64802B8-32A8-4BAA-9EBA-0AC85636E9D1}.Debug|x86.Build.0 = Debug|Win32
		{A64802B8-32A8-4BAA-9EBA-0AC85636E9D1}.Release|x64.ActiveCfg = Release|x64
		{A64802B8-32A8-4BAA-9EBA-0AC85636E9D1}.Release|x64.Build.0 = Release|x64
		{A64802B8-32A8-4BAA-9EBA-0AC85636E9D1}.Release|x86.ActiveCfg = Release|Win32
		{A64802B8-32A8-4BAA-9EBA-0AC85636E9D1}.Release|x86.Build.0 = Release|Win32
	EndGlobalSection
	GlobalSection(SolutionProperties) = preSolution
		HideSolutionNode = FALSE
	EndGlobalSection
	GlobalSection(ExtensibilityGlobals) = postSolution
		SolutionGuid = {444D3073-A4FE-4FCF-AB27-D67F5916D0EB}
	EndGlobalSection
EndGlobal
